
Microsoft Visual Studio Solution File, Format Version 11.00
# Visual Studio 2010
Project("{FAE04EC0-301F-11D3-BF4B-00C04F79EFBC}") = "Nancy.RDF", "Nancy.RDF\Nancy.RDF.csproj", "{D789D63C-821B-410B-A953-DFEBCBFC9D40}"
EndProject
Project("{FAE04EC0-301F-11D3-BF4B-00C04F79EFBC}") = "Nancy.RDF.Tests", "Nancy.RDF.Tests\Nancy.RDF.Tests.csproj", "{FB53365A-39FF-45FD-A2B5-872B51691E7F}"
EndProject
Project("{2150E333-8FDC-42A3-9474-1A3956D46DE8}") = ".build", ".build", "{5772E5A6-2D39-4241-880A-92F83B33F76F}"
	ProjectSection(SolutionItems) = preProject
		..\.build\CommonTargets.targets = ..\.build\CommonTargets.targets
		..\.build\Fody.targets = ..\.build\Fody.targets
		paket.dependencies = paket.dependencies
	EndProjectSection
EndProject
Global
	GlobalSection(SolutionConfigurationPlatforms) = preSolution
		Debug|Any CPU = Debug|Any CPU
		Release|Any CPU = Release|Any CPU
	EndGlobalSection
	GlobalSection(ProjectConfigurationPlatforms) = postSolution
		{D789D63C-821B-410B-A953-DFEBCBFC9D40}.Debug|Any CPU.ActiveCfg = Debug|Any CPU
		{D789D63C-821B-410B-A953-DFEBCBFC9D40}.Debug|Any CPU.Build.0 = Debug|Any CPU
		{D789D63C-821B-410B-A953-DFEBCBFC9D40}.Release|Any CPU.ActiveCfg = Release|Any CPU
		{D789D63C-821B-410B-A953-DFEBCBFC9D40}.Release|Any CPU.Build.0 = Release|Any CPU
		{FB53365A-39FF-45FD-A2B5-872B51691E7F}.Debug|Any CPU.ActiveCfg = Debug|Any CPU
		{FB53365A-39FF-45FD-A2B5-872B51691E7F}.Debug|Any CPU.Build.0 = Debug|Any CPU
		{FB53365A-39FF-45FD-A2B5-872B51691E7F}.Release|Any CPU.ActiveCfg = Release|Any CPU
		{FB53365A-39FF-45FD-A2B5-872B51691E7F}.Release|Any CPU.Build.0 = Release|Any CPU
	EndGlobalSection
	GlobalSection(SolutionProperties) = preSolution
		HideSolutionNode = FALSE
	EndGlobalSection
EndGlobal
